
Microsoft Visual Studio Solution File, Format Version 12.00
# Visual Studio Version 16
VisualStudioVersion = 16.0.29613.14
MinimumVisualStudioVersion = 10.0.40219.1
Project("{9A19103F-16F7-4668-BE54-9A1E7A4F7556}") = "FaucetPaySharp", "FaucetPaySharp\FaucetPaySharp.csproj", "{C85BA0F6-9CDE-44A3-B18C-5EDCD41B3BBA}"
EndProject
Project("{9A19103F-16F7-4668-BE54-9A1E7A4F7556}") = "FaucetPaySharp.AspNetCore", "FaucetPaySharp.AspNetCore\FaucetPaySharp.AspNetCore.csproj", "{667B6C61-DBCF-47AD-A6B0-21C74D4FB967}"
EndProject
Project("{FAE04EC0-301F-11D3-BF4B-00C04F79EFBC}") = "FaucetPaySharp.Tests", "FaucetPaySharp.Tests\FaucetPaySharp.Tests.csproj", "{0A325DD8-6407-4978-877C-7008B6BF2A21}"
EndProject
Global
	GlobalSection(SolutionConfigurationPlatforms) = preSolution
		Debug|Any CPU = Debug|Any CPU
		Release|Any CPU = Release|Any CPU
	EndGlobalSection
	GlobalSection(ProjectConfigurationPlatforms) = postSolution
		{C85BA0F6-9CDE-44A3-B18C-5EDCD41B3BBA}.Debug|Any CPU.ActiveCfg = Debug|Any CPU
		{C85BA0F6-9CDE-44A3-B18C-5EDCD41B3BBA}.Debug|Any CPU.Build.0 = Debug|Any CPU
		{C85BA0F6-9CDE-44A3-B18C-5EDCD41B3BBA}.Release|Any CPU.ActiveCfg = Release|Any CPU
		{C85BA0F6-9CDE-44A3-B18C-5EDCD41B3BBA}.Release|Any CPU.Build.0 = Release|Any CPU
		{667B6C61-DBCF-47AD-A6B0-21C74D4FB967}.Debug|Any CPU.ActiveCfg = Debug|Any CPU
		{667B6C61-DBCF-47AD-A6B0-21C74D4FB967}.Debug|Any CPU.Build.0 = Debug|Any CPU
		{667B6C61-DBCF-47AD-A6B0-21C74D4FB967}.Release|Any CPU.ActiveCfg = Release|Any CPU
		{667B6C61-DBCF-47AD-A6B0-21C74D4FB967}.Release|Any CPU.Build.0 = Release|Any CPU
		{0A325DD8-6407-4978-877C-7008B6BF2A21}.Debug|Any CPU.ActiveCfg = Debug|Any CPU
		{0A325DD8-6407-4978-877C-7008B6BF2A21}.Debug|Any CPU.Build.0 = Debug|Any CPU
		{0A325DD8-6407-4978-877C-7008B6BF2A21}.Release|Any CPU.ActiveCfg = Release|Any CPU
		{0A325DD8-6407-4978-877C-7008B6BF2A21}.Release|Any CPU.Build.0 = Release|Any CPU
	EndGlobalSection
	GlobalSection(SolutionProperties) = preSolution
		HideSolutionNode = FALSE
	EndGlobalSection
	GlobalSection(ExtensibilityGlobals) = postSolution
		SolutionGuid = {617816D9-C96B-459B-952D-4F4B319426EC}
	EndGlobalSection
EndGlobal
